
Microsoft Visual Studio Solution File, Format Version 11.00
# Visual Studio 2010
Project("{FAE04EC0-301F-11D3-BF4B-00C04F79EFBC}") = "VuforiaScripts", "VuforiaScripts.csproj", "{9446A0C8-AD4F-C391-C367-34DB4EF342C1}"
EndProject
Project("{FAE04EC0-301F-11D3-BF4B-00C04F79EFBC}") = "Assembly-CSharp", "Assembly-CSharp.csproj", "{BB7EBA01-2479-D475-3C80-79C29A364BC4}"
EndProject
Project("{FAE04EC0-301F-11D3-BF4B-00C04F79EFBC}") = "VuforiaEditorScripts", "VuforiaEditorScripts.csproj", "{A2DE0891-FB4D-7473-E7E7-458085ADD4B8}"
EndProject
Global
	GlobalSection(SolutionConfigurationPlatforms) = preSolution
		Debug|Any CPU = Debug|Any CPU
		Release|Any CPU = Release|Any CPU
	EndGlobalSection
	GlobalSection(ProjectConfigurationPlatforms) = postSolution
		{9446A0C8-AD4F-C391-C367-34DB4EF342C1}.Debug|Any CPU.ActiveCfg = Debug|Any CPU
		{9446A0C8-AD4F-C391-C367-34DB4EF342C1}.Debug|Any CPU.Build.0 = Debug|Any CPU
		{9446A0C8-AD4F-C391-C367-34DB4EF342C1}.Release|Any CPU.ActiveCfg = Release|Any CPU
		{9446A0C8-AD4F-C391-C367-34DB4EF342C1}.Release|Any CPU.Build.0 = Release|Any CPU
		{BB7EBA01-2479-D475-3C80-79C29A364BC4}.Debug|Any CPU.ActiveCfg = Debug|Any CPU
		{BB7EBA01-2479-D475-3C80-79C29A364BC4}.Debug|Any CPU.Build.0 = Debug|Any CPU
		{BB7EBA01-2479-D475-3C80-79C29A364BC4}.Release|Any CPU.ActiveCfg = Release|Any CPU
		{BB7EBA01-2479-D475-3C80-79C29A364BC4}.Release|Any CPU.Build.0 = Release|Any CPU
		{A2DE0891-FB4D-7473-E7E7-458085ADD4B8}.Debug|Any CPU.ActiveCfg = Debug|Any CPU
		{A2DE0891-FB4D-7473-E7E7-458085ADD4B8}.Debug|Any CPU.Build.0 = Debug|Any CPU
		{A2DE0891-FB4D-7473-E7E7-458085ADD4B8}.Release|Any CPU.ActiveCfg = Release|Any CPU
		{A2DE0891-FB4D-7473-E7E7-458085ADD4B8}.Release|Any CPU.Build.0 = Release|Any CPU
	EndGlobalSection
	GlobalSection(SolutionProperties) = preSolution
		HideSolutionNode = FALSE
	EndGlobalSection
	GlobalSection(MonoDevelopProperties) = preSolution
		StartupItem = Assembly-CSharp.csproj
	EndGlobalSection
EndGlobal
